{
  "version": 4,
  "terraform_version": "0.14.7",
  "serial": 9,
  "lineage": "0d2d31c7-a1f1-adf4-0ec7-52880e0d882a",
  "outputs": {
    "lambda_function_arn": {
      "value": "arn:aws:lambda:us-east-1:666595451426:function:greet_lambda",
      "type": "string"
    },
    "lambda_function_name": {
      "value": "greet_lambda",
      "type": "string"
    },
    "role_arn": {
      "value": "arn:aws:iam::666595451426:role/role_for_lambda",
      "type": "string"
    },
    "role_name": {
      "value": "role_for_lambda",
      "type": "string"
    }
  },
  "resources": [
    {
      "mode": "data",
      "type": "archive_file",
      "name": "lambda",
      "provider": "provider[\"registry.terraform.io/hashicorp/archive\"]",
      "instances": [
        {
          "schema_version": 0,
          "attributes": {
            "excludes": null,
            "id": "f6c88f33cdc85204d609d54316d2b45398488935",
            "output_base64sha256": "+xgyBKDbAEgkjSJee8M440VXUc1YOZsWaOgGhW9Ag/I=",
            "output_md5": "393d3adaa5f1cca0372568e49ee5c70a",
            "output_path": "./output/greet_lambda.zip",
            "output_sha": "f6c88f33cdc85204d609d54316d2b45398488935",
            "output_size": 283,
            "source": [],
            "source_content": null,
            "source_content_filename": null,
            "source_dir": null,
            "source_file": "greet_lambda.py",
            "type": "zip"
          },
          "sensitive_attributes": []
        }
      ]
    },
    {
      "mode": "managed",
      "type": "aws_iam_role",
      "name": "role_for_lambda",
      "provider": "provider[\"registry.terraform.io/hashicorp/aws\"]",
      "instances": [
        {
          "schema_version": 0,
          "attributes": {
            "arn": "arn:aws:iam::666595451426:role/role_for_lambda",
            "assume_role_policy": "{\"Version\":\"2012-10-17\",\"Statement\":[{\"Effect\":\"Allow\",\"Principal\":{\"Service\":\"lambda.amazonaws.com\"},\"Action\":\"sts:AssumeRole\"}]}",
            "create_date": "2021-02-23T08:31:20Z",
            "description": "",
            "force_detach_policies": false,
            "id": "role_for_lambda",
            "inline_policy": [
              {
                "name": "",
                "policy": ""
              }
            ],
            "managed_policy_arns": [
              "arn:aws:iam::aws:policy/service-role/AWSLambdaBasicExecutionRole"
            ],
            "max_session_duration": 3600,
            "name": "role_for_lambda",
            "name_prefix": null,
            "path": "/",
            "permissions_boundary": null,
            "tags": {},
            "unique_id": "AROAZWNBPMIROF765276K"
          },
          "sensitive_attributes": [],
          "private": "bnVsbA=="
        }
      ]
    },
    {
      "mode": "managed",
      "type": "aws_iam_role_policy_attachment",
      "name": "lambda_basic_execution_policy_attachement",
      "provider": "provider[\"registry.terraform.io/hashicorp/aws\"]",
      "instances": [
        {
          "schema_version": 0,
          "attributes": {
            "id": "role_for_lambda-20210223083126324400000001",
            "policy_arn": "arn:aws:iam::aws:policy/service-role/AWSLambdaBasicExecutionRole",
            "role": "role_for_lambda"
          },
          "sensitive_attributes": [],
          "private": "bnVsbA==",
          "dependencies": [
            "aws_iam_role.role_for_lambda"
          ]
        }
      ]
    },
    {
      "mode": "managed",
      "type": "aws_lambda_function",
      "name": "lambda_greeting",
      "provider": "provider[\"registry.terraform.io/hashicorp/aws\"]",
      "instances": [
        {
          "schema_version": 0,
          "attributes": {
            "arn": "arn:aws:lambda:us-east-1:666595451426:function:greet_lambda",
            "code_signing_config_arn": "",
            "dead_letter_config": [],
            "description": "",
            "environment": [],
            "file_system_config": [],
            "filename": "./output/greet_lambda.zip",
            "function_name": "greet_lambda",
            "handler": "greet_lambda.lambda_handler",
            "id": "greet_lambda",
            "image_config": [],
            "image_uri": "",
            "invoke_arn": "arn:aws:apigateway:us-east-1:lambda:path/2015-03-31/functions/arn:aws:lambda:us-east-1:666595451426:function:greet_lambda/invocations",
            "kms_key_arn": "",
            "last_modified": "2021-02-23T09:11:36.498+0000",
            "layers": [],
            "memory_size": 128,
            "package_type": "Zip",
            "publish": false,
            "qualified_arn": "arn:aws:lambda:us-east-1:666595451426:function:greet_lambda:$LATEST",
            "reserved_concurrent_executions": -1,
            "role": "arn:aws:iam::666595451426:role/role_for_lambda",
            "runtime": "python3.8",
            "s3_bucket": null,
            "s3_key": null,
            "s3_object_version": null,
            "signing_job_arn": "",
            "signing_profile_version_arn": "",
            "source_code_hash": "+xgyBKDbAEgkjSJee8M440VXUc1YOZsWaOgGhW9Ag/I=",
            "source_code_size": 283,
            "tags": {},
            "timeout": 3,
            "timeouts": null,
            "tracing_config": [
              {
                "mode": "PassThrough"
              }
            ],
            "version": "$LATEST",
            "vpc_config": []
          },
          "sensitive_attributes": [],
          "private": "eyJlMmJmYjczMC1lY2FhLTExZTYtOGY4OC0zNDM2M2JjN2M0YzAiOnsiY3JlYXRlIjo2MDAwMDAwMDAwMDB9fQ==",
          "dependencies": [
            "aws_iam_role.role_for_lambda"
          ]
        }
      ]
    }
  ]
}
